
Microsoft Visual Studio Solution File, Format Version 12.00
# Visual Studio Version 16
VisualStudioVersion = 16.0.31112.23
MinimumVisualStudioVersion = 10.0.40219.1
Project("{FAE04EC0-301F-11D3-BF4B-00C04F79EFBC}") = "TaleSpireStatMessaging", "TaleSpireStatMessaging\TaleSpireStatMessaging.csproj", "{74902334-ECD0-4125-91A6-485549CFD810}"
EndProject
Project("{FAE04EC0-301F-11D3-BF4B-00C04F79EFBC}") = "TaleSpireStatMessagingTest", "TaleSpireStatMessagingTest\TaleSpireStatMessagingTest.csproj", "{265C4079-2272-478F-BC3F-DAD0DDDBBC1A}"
EndProject
Global
	GlobalSection(SolutionConfigurationPlatforms) = preSolution
		Debug|Any CPU = Debug|Any CPU
		Release|Any CPU = Release|Any CPU
	EndGlobalSection
	GlobalSection(ProjectConfigurationPlatforms) = postSolution
		{74902334-ECD0-4125-91A6-485549CFD810}.Debug|Any CPU.ActiveCfg = Debug|Any CPU
		{74902334-ECD0-4125-91A6-485549CFD810}.Debug|Any CPU.Build.0 = Debug|Any CPU
		{74902334-ECD0-4125-91A6-485549CFD810}.Release|Any CPU.ActiveCfg = Release|Any CPU
		{74902334-ECD0-4125-91A6-485549CFD810}.Release|Any CPU.Build.0 = Release|Any CPU
		{265C4079-2272-478F-BC3F-DAD0DDDBBC1A}.Debug|Any CPU.ActiveCfg = Debug|Any CPU
		{265C4079-2272-478F-BC3F-DAD0DDDBBC1A}.Debug|Any CPU.Build.0 = Debug|Any CPU
		{265C4079-2272-478F-BC3F-DAD0DDDBBC1A}.Release|Any CPU.ActiveCfg = Release|Any CPU
		{265C4079-2272-478F-BC3F-DAD0DDDBBC1A}.Release|Any CPU.Build.0 = Release|Any CPU
	EndGlobalSection
	GlobalSection(SolutionProperties) = preSolution
		HideSolutionNode = FALSE
	EndGlobalSection
	GlobalSection(ExtensibilityGlobals) = postSolution
		SolutionGuid = {01204983-16B8-49A2-B113-F4E9A14DBF93}
	EndGlobalSection
EndGlobal
